// !$*UTF8*$!
{
	archiveVersion = 1;
	classes = {
	};
	objectVersion = 56;
	objects = {

/* Begin PBXBuildFile section */
		B3B689A5294B458D00419357 /* InstalledJavaVirtualMachinesModel.swift in Sources */ = {isa = PBXBuildFile; fileRef = B3B689A4294B458D00419357 /* InstalledJavaVirtualMachinesModel.swift */; };
		B3B689A7294B4BD900419357 /* JVMListView.swift in Sources */ = {isa = PBXBuildFile; fileRef = B3B689A6294B4BD900419357 /* JVMListView.swift */; };
		B3DDB53F294B0E8600C16BB8 /* JVMswitcherApp.swift in Sources */ = {isa = PBXBuildFile; fileRef = B3DDB53E294B0E8600C16BB8 /* JVMswitcherApp.swift */; };
		B3DDB541294B0E8600C16BB8 /* ContentView.swift in Sources */ = {isa = PBXBuildFile; fileRef = B3DDB540294B0E8600C16BB8 /* ContentView.swift */; };
		B3DDB543294B0E8900C16BB8 /* Assets.xcassets in Resources */ = {isa = PBXBuildFile; fileRef = B3DDB542294B0E8900C16BB8 /* Assets.xcassets */; };
		B3DDB546294B0E8900C16BB8 /* Preview Assets.xcassets in Resources */ = {isa = PBXBuildFile; fileRef = B3DDB545294B0E8900C16BB8 /* Preview Assets.xcassets */; };
		E9D3B714294C536400AE73A2 /* Credits.rtf in Resources */ = {isa = PBXBuildFile; fileRef = E9D3B713294C536400AE73A2 /* Credits.rtf */; };
		E9D3B71A294C699B00AE73A2 /* AlertToast in Frameworks */ = {isa = PBXBuildFile; productRef = E9D3B719294C699B00AE73A2 /* AlertToast */; };
		E9D3B71C294C6AFF00AE73A2 /* ToastData.swift in Sources */ = {isa = PBXBuildFile; fileRef = E9D3B71B294C6AFF00AE73A2 /* ToastData.swift */; };
		E9E352E42951ADEC00C4217C /* JVMMenuBarExtra.swift in Sources */ = {isa = PBXBuildFile; fileRef = E9E352E32951ADEC00C4217C /* JVMMenuBarExtra.swift */; };
/* End PBXBuildFile section */

/* Begin PBXFileReference section */
		B3B6899F294B444500419357 /* LICENSE */ = {isa = PBXFileReference; lastKnownFileType = text; path = LICENSE; sourceTree = "<group>"; };
		B3B689A4294B458D00419357 /* InstalledJavaVirtualMachinesModel.swift */ = {isa = PBXFileReference; lastKnownFileType = sourcecode.swift; path = InstalledJavaVirtualMachinesModel.swift; sourceTree = "<group>"; };
		B3B689A6294B4BD900419357 /* JVMListView.swift */ = {isa = PBXFileReference; lastKnownFileType = sourcecode.swift; path = JVMListView.swift; sourceTree = "<group>"; };
		B3B689A8294B62F200419357 /* .gitignore */ = {isa = PBXFileReference; lastKnownFileType = text; path = .gitignore; sourceTree = "<group>"; };
		B3DDB53B294B0E8600C16BB8 /* JVMswitcher.app */ = {isa = PBXFileReference; explicitFileType = wrapper.application; includeInIndex = 0; path = JVMswitcher.app; sourceTree = BUILT_PRODUCTS_DIR; };
		B3DDB53E294B0E8600C16BB8 /* JVMswitcherApp.swift */ = {isa = PBXFileReference; lastKnownFileType = sourcecode.swift; path = JVMswitcherApp.swift; sourceTree = "<group>"; };
		B3DDB540294B0E8600C16BB8 /* ContentView.swift */ = {isa = PBXFileReference; lastKnownFileType = sourcecode.swift; path = ContentView.swift; sourceTree = "<group>"; };
		B3DDB542294B0E8900C16BB8 /* Assets.xcassets */ = {isa = PBXFileReference; lastKnownFileType = folder.assetcatalog; path = Assets.xcassets; sourceTree = "<group>"; };
		B3DDB545294B0E8900C16BB8 /* Preview Assets.xcassets */ = {isa = PBXFileReference; lastKnownFileType = folder.assetcatalog; path = "Preview Assets.xcassets"; sourceTree = "<group>"; };
		B3DDB547294B0E8900C16BB8 /* JVMswitcher.entitlements */ = {isa = PBXFileReference; lastKnownFileType = text.plist.entitlements; path = JVMswitcher.entitlements; sourceTree = "<group>"; };
		B3DDB54D294B0EBF00C16BB8 /* README.md */ = {isa = PBXFileReference; lastKnownFileType = net.daringfireball.markdown; path = README.md; sourceTree = "<group>"; };
		E9D3B713294C536400AE73A2 /* Credits.rtf */ = {isa = PBXFileReference; lastKnownFileType = text.rtf; path = Credits.rtf; sourceTree = "<group>"; };
		E9D3B71B294C6AFF00AE73A2 /* ToastData.swift */ = {isa = PBXFileReference; lastKnownFileType = sourcecode.swift; path = ToastData.swift; sourceTree = "<group>"; };
		E9E352E32951ADEC00C4217C /* JVMMenuBarExtra.swift */ = {isa = PBXFileReference; lastKnownFileType = sourcecode.swift; path = JVMMenuBarExtra.swift; sourceTree = "<group>"; };
/* End PBXFileReference section */

/* Begin PBXFrameworksBuildPhase section */
		B3DDB538294B0E8600C16BB8 /* Frameworks */ = {
			isa = PBXFrameworksBuildPhase;
			buildActionMask = 2147483647;
			files = (
				E9D3B71A294C699B00AE73A2 /* AlertToast in Frameworks */,
			);
			runOnlyForDeploymentPostprocessing = 0;
		};
/* End PBXFrameworksBuildPhase section */

/* Begin PBXGroup section */
		B3B689A0294B449100419357 /* Sources */ = {
			isa = PBXGroup;
			children = (
				B3B689A1294B449C00419357 /* Application */,
				B3B689A3294B44AA00419357 /* Model */,
				B3B689A2294B44A400419357 /* Views */,
			);
			path = Sources;
			sourceTree = "<group>";
		};
		B3B689A1294B449C00419357 /* Application */ = {
			isa = PBXGroup;
			children = (
				B3DDB53E294B0E8600C16BB8 /* JVMswitcherApp.swift */,
			);
			path = Application;
			sourceTree = "<group>";
		};
		B3B689A2294B44A400419357 /* Views */ = {
			isa = PBXGroup;
			children = (
				B3DDB540294B0E8600C16BB8 /* ContentView.swift */,
				B3B689A6294B4BD900419357 /* JVMListView.swift */,
				E9E352E32951ADEC00C4217C /* JVMMenuBarExtra.swift */,
			);
			path = Views;
			sourceTree = "<group>";
		};
		B3B689A3294B44AA00419357 /* Model */ = {
			isa = PBXGroup;
			children = (
				B3B689A4294B458D00419357 /* InstalledJavaVirtualMachinesModel.swift */,
				E9D3B71B294C6AFF00AE73A2 /* ToastData.swift */,
			);
			path = Model;
			sourceTree = "<group>";
		};
		B3DDB532294B0E8600C16BB8 = {
			isa = PBXGroup;
			children = (
				B3B6899F294B444500419357 /* LICENSE */,
				B3DDB54D294B0EBF00C16BB8 /* README.md */,
				B3B689A8294B62F200419357 /* .gitignore */,
				B3DDB53D294B0E8600C16BB8 /* JVMswitcher */,
				B3DDB53C294B0E8600C16BB8 /* Products */,
			);
			sourceTree = "<group>";
		};
		B3DDB53C294B0E8600C16BB8 /* Products */ = {
			isa = PBXGroup;
			children = (
				B3DDB53B294B0E8600C16BB8 /* JVMswitcher.app */,
			);
			name = Products;
			sourceTree = "<group>";
		};
		B3DDB53D294B0E8600C16BB8 /* JVMswitcher */ = {
			isa = PBXGroup;
			children = (
				B3B689A0294B449100419357 /* Sources */,
				E9D3B712294C533600AE73A2 /* Resources */,
				B3DDB544294B0E8900C16BB8 /* Preview Content */,
			);
			path = JVMswitcher;
			sourceTree = "<group>";
		};
		B3DDB544294B0E8900C16BB8 /* Preview Content */ = {
			isa = PBXGroup;
			children = (
				B3DDB545294B0E8900C16BB8 /* Preview Assets.xcassets */,
			);
			path = "Preview Content";
			sourceTree = "<group>";
		};
		E9D3B712294C533600AE73A2 /* Resources */ = {
			isa = PBXGroup;
			children = (
				B3DDB542294B0E8900C16BB8 /* Assets.xcassets */,
				B3DDB547294B0E8900C16BB8 /* JVMswitcher.entitlements */,
				E9D3B713294C536400AE73A2 /* Credits.rtf */,
			);
			name = Resources;
			sourceTree = "<group>";
		};
/* End PBXGroup section */

/* Begin PBXNativeTarget section */
		B3DDB53A294B0E8600C16BB8 /* JVMswitcher */ = {
			isa = PBXNativeTarget;
			buildConfigurationList = B3DDB54A294B0E8900C16BB8 /* Build configuration list for PBXNativeTarget "JVMswitcher" */;
			buildPhases = (
				B3DDB537294B0E8600C16BB8 /* Sources */,
				B3DDB538294B0E8600C16BB8 /* Frameworks */,
				B3DDB539294B0E8600C16BB8 /* Resources */,
			);
			buildRules = (
			);
			dependencies = (
			);
			name = JVMswitcher;
			packageProductDependencies = (
				E9D3B719294C699B00AE73A2 /* AlertToast */,
			);
			productName = JVMswitcher;
			productReference = B3DDB53B294B0E8600C16BB8 /* JVMswitcher.app */;
			productType = "com.apple.product-type.application";
		};
/* End PBXNativeTarget section */

/* Begin PBXProject section */
		B3DDB533294B0E8600C16BB8 /* Project object */ = {
			isa = PBXProject;
			attributes = {
				BuildIndependentTargetsInParallel = 1;
				LastSwiftUpdateCheck = 1410;
				LastUpgradeCheck = 1420;
				TargetAttributes = {
					B3DDB53A294B0E8600C16BB8 = {
						CreatedOnToolsVersion = 14.1;
					};
				};
			};
			buildConfigurationList = B3DDB536294B0E8600C16BB8 /* Build configuration list for PBXProject "JVMswitcher" */;
			compatibilityVersion = "Xcode 14.0";
			developmentRegion = en;
			hasScannedForEncodings = 0;
			knownRegions = (
				en,
				Base,
			);
			mainGroup = B3DDB532294B0E8600C16BB8;
			packageReferences = (
				E9D3B718294C699B00AE73A2 /* XCRemoteSwiftPackageReference "AlertToast" */,
			);
			productRefGroup = B3DDB53C294B0E8600C16BB8 /* Products */;
			projectDirPath = "";
			projectRoot = "";
			targets = (
				B3DDB53A294B0E8600C16BB8 /* JVMswitcher */,
			);
		};
/* End PBXProject section */

/* Begin PBXResourcesBuildPhase section */
		B3DDB539294B0E8600C16BB8 /* Resources */ = {
			isa = PBXResourcesBuildPhase;
			buildActionMask = 2147483647;
			files = (
				B3DDB546294B0E8900C16BB8 /* Preview Assets.xcassets in Resources */,
				E9D3B714294C536400AE73A2 /* Credits.rtf in Resources */,
				B3DDB543294B0E8900C16BB8 /* Assets.xcassets in Resources */,
			);
			runOnlyForDeploymentPostprocessing = 0;
		};
/* End PBXResourcesBuildPhase section */

/* Begin PBXSourcesBuildPhase section */
		B3DDB537294B0E8600C16BB8 /* Sources */ = {
			isa = PBXSourcesBuildPhase;
			buildActionMask = 2147483647;
			files = (
				B3B689A7294B4BD900419357 /* JVMListView.swift in Sources */,
				E9E352E42951ADEC00C4217C /* JVMMenuBarExtra.swift in Sources */,
				B3DDB541294B0E8600C16BB8 /* ContentView.swift in Sources */,
				E9D3B71C294C6AFF00AE73A2 /* ToastData.swift in Sources */,
				B3B689A5294B458D00419357 /* InstalledJavaVirtualMachinesModel.swift in Sources */,
				B3DDB53F294B0E8600C16BB8 /* JVMswitcherApp.swift in Sources */,
			);
			runOnlyForDeploymentPostprocessing = 0;
		};
/* End PBXSourcesBuildPhase section */

/* Begin XCBuildConfiguration section */
		B3DDB548294B0E8900C16BB8 /* Debug */ = {
			isa = XCBuildConfiguration;
			buildSettings = {
				ALWAYS_SEARCH_USER_PATHS = NO;
				CLANG_ANALYZER_NONNULL = YES;
				CLANG_ANALYZER_NUMBER_OBJECT_CONVERSION = YES_AGGRESSIVE;
				CLANG_CXX_LANGUAGE_STANDARD = "gnu++20";
				CLANG_ENABLE_MODULES = YES;
				CLANG_ENABLE_OBJC_ARC = YES;
				CLANG_ENABLE_OBJC_WEAK = YES;
				CLANG_WARN_BLOCK_CAPTURE_AUTORELEASING = YES;
				CLANG_WARN_BOOL_CONVERSION = YES;
				CLANG_WARN_COMMA = YES;
				CLANG_WARN_CONSTANT_CONVERSION = YES;
				CLANG_WARN_DEPRECATED_OBJC_IMPLEMENTATIONS = YES;
				CLANG_WARN_DIRECT_OBJC_ISA_USAGE = YES_ERROR;
				CLANG_WARN_DOCUMENTATION_COMMENTS = YES;
				CLANG_WARN_EMPTY_BODY = YES;
				CLANG_WARN_ENUM_CONVERSION = YES;
				CLANG_WARN_INFINITE_RECURSION = YES;
				CLANG_WARN_INT_CONVERSION = YES;
				CLANG_WARN_NON_LITERAL_NULL_CONVERSION = YES;
				CLANG_WARN_OBJC_IMPLICIT_RETAIN_SELF = YES;
				CLANG_WARN_OBJC_LITERAL_CONVERSION = YES;
				CLANG_WARN_OBJC_ROOT_CLASS = YES_ERROR;
				CLANG_WARN_QUOTED_INCLUDE_IN_FRAMEWORK_HEADER = YES;
				CLANG_WARN_RANGE_LOOP_ANALYSIS = YES;
				CLANG_WARN_STRICT_PROTOTYPES = YES;
				CLANG_WARN_SUSPICIOUS_MOVE = YES;
				CLANG_WARN_UNGUARDED_AVAILABILITY = YES_AGGRESSIVE;
				CLANG_WARN_UNREACHABLE_CODE = YES;
				CLANG_WARN__DUPLICATE_METHOD_MATCH = YES;
				COPY_PHASE_STRIP = NO;
				DEAD_CODE_STRIPPING = YES;
				DEBUG_INFORMATION_FORMAT = dwarf;
				ENABLE_STRICT_OBJC_MSGSEND = YES;
				ENABLE_TESTABILITY = YES;
				GCC_C_LANGUAGE_STANDARD = gnu11;
				GCC_DYNAMIC_NO_PIC = NO;
				GCC_NO_COMMON_BLOCKS = YES;
				GCC_OPTIMIZATION_LEVEL = 0;
				GCC_PREPROCESSOR_DEFINITIONS = (
					"DEBUG=1",
					"$(inherited)",
				);
				GCC_WARN_64_TO_32_BIT_CONVERSION = YES;
				GCC_WARN_ABOUT_RETURN_TYPE = YES_ERROR;
				GCC_WARN_UNDECLARED_SELECTOR = YES;
				GCC_WARN_UNINITIALIZED_AUTOS = YES_AGGRESSIVE;
				GCC_WARN_UNUSED_FUNCTION = YES;
				GCC_WARN_UNUSED_VARIABLE = YES;
				MACOSX_DEPLOYMENT_TARGET = 13.0;
				MTL_ENABLE_DEBUG_INFO = INCLUDE_SOURCE;
				MTL_FAST_MATH = YES;
				ONLY_ACTIVE_ARCH = YES;
				SDKROOT = macosx;
				SWIFT_ACTIVE_COMPILATION_CONDITIONS = DEBUG;
				SWIFT_OPTIMIZATION_LEVEL = "-Onone";
			};
			name = Debug;
		};
		B3DDB549294B0E8900C16BB8 /* Release */ = {
			isa = XCBuildConfiguration;
			buildSettings = {
				ALWAYS_SEARCH_USER_PATHS = NO;
				CLANG_ANALYZER_NONNULL = YES;
				CLANG_ANALYZER_NUMBER_OBJECT_CONVERSION = YES_AGGRESSIVE;
				CLANG_CXX_LANGUAGE_STANDARD = "gnu++20";
				CLANG_ENABLE_MODULES = YES;
				CLANG_ENABLE_OBJC_ARC = YES;
				CLANG_ENABLE_OBJC_WEAK = YES;
				CLANG_WARN_BLOCK_CAPTURE_AUTORELEASING = YES;
				CLANG_WARN_BOOL_CONVERSION = YES;
				CLANG_WARN_COMMA = YES;
				CLANG_WARN_CONSTANT_CONVERSION = YES;
				CLANG_WARN_DEPRECATED_OBJC_IMPLEMENTATIONS = YES;
				CLANG_WARN_DIRECT_OBJC_ISA_USAGE = YES_ERROR;
				CLANG_WARN_DOCUMENTATION_COMMENTS = YES;
				CLANG_WARN_EMPTY_BODY = YES;
				CLANG_WARN_ENUM_CONVERSION = YES;
				CLANG_WARN_INFINITE_RECURSION = YES;
				CLANG_WARN_INT_CONVERSION = YES;
				CLANG_WARN_NON_LITERAL_NULL_CONVERSION = YES;
				CLANG_WARN_OBJC_IMPLICIT_RETAIN_SELF = YES;
				CLANG_WARN_OBJC_LITERAL_CONVERSION = YES;
				CLANG_WARN_OBJC_ROOT_CLASS = YES_ERROR;
				CLANG_WARN_QUOTED_INCLUDE_IN_FRAMEWORK_HEADER = YES;
				CLANG_WARN_RANGE_LOOP_ANALYSIS = YES;
				CLANG_WARN_STRICT_PROTOTYPES = YES;
				CLANG_WARN_SUSPICIOUS_MOVE = YES;
				CLANG_WARN_UNGUARDED_AVAILABILITY = YES_AGGRESSIVE;
				CLANG_WARN_UNREACHABLE_CODE = YES;
				CLANG_WARN__DUPLICATE_METHOD_MATCH = YES;
				COPY_PHASE_STRIP = NO;
				DEAD_CODE_STRIPPING = YES;
				DEBUG_INFORMATION_FORMAT = "dwarf-with-dsym";
				ENABLE_NS_ASSERTIONS = NO;
				ENABLE_STRICT_OBJC_MSGSEND = YES;
				GCC_C_LANGUAGE_STANDARD = gnu11;
				GCC_NO_COMMON_BLOCKS = YES;
				GCC_WARN_64_TO_32_BIT_CONVERSION = YES;
				GCC_WARN_ABOUT_RETURN_TYPE = YES_ERROR;
				GCC_WARN_UNDECLARED_SELECTOR = YES;
				GCC_WARN_UNINITIALIZED_AUTOS = YES_AGGRESSIVE;
				GCC_WARN_UNUSED_FUNCTION = YES;
				GCC_WARN_UNUSED_VARIABLE = YES;
				MACOSX_DEPLOYMENT_TARGET = 13.0;
				MTL_ENABLE_DEBUG_INFO = NO;
				MTL_FAST_MATH = YES;
				SDKROOT = macosx;
				SWIFT_COMPILATION_MODE = wholemodule;
				SWIFT_OPTIMIZATION_LEVEL = "-O";
			};
			name = Release;
		};
		B3DDB54B294B0E8900C16BB8 /* Debug */ = {
			isa = XCBuildConfiguration;
			buildSettings = {
				ASSETCATALOG_COMPILER_APPICON_NAME = AppIcon;
				ASSETCATALOG_COMPILER_GLOBAL_ACCENT_COLOR_NAME = AccentColor;
				CODE_SIGN_ENTITLEMENTS = JVMswitcher/JVMswitcher.entitlements;
				CODE_SIGN_IDENTITY = "-";
				"CODE_SIGN_IDENTITY[sdk=macosx*]" = "-";
				CODE_SIGN_STYLE = Automatic;
				COMBINE_HIDPI_IMAGES = YES;
				CURRENT_PROJECT_VERSION = 5;
				DEAD_CODE_STRIPPING = YES;
				DEVELOPMENT_ASSET_PATHS = "\"JVMswitcher/Preview Content\"";
				DEVELOPMENT_TEAM = GQE994U6EG;
				ENABLE_HARDENED_RUNTIME = YES;
				ENABLE_PREVIEWS = YES;
				GENERATE_INFOPLIST_FILE = YES;
				INFOPLIST_KEY_LSApplicationCategoryType = "public.app-category.developer-tools";
				INFOPLIST_KEY_NSHumanReadableCopyright = "";
				LD_RUNPATH_SEARCH_PATHS = (
					"$(inherited)",
					"@executable_path/../Frameworks",
				);
				MARKETING_VERSION = 2;
				PRODUCT_BUNDLE_IDENTIFIER = com.github.thbonk.JVMswitcher;
				PRODUCT_NAME = "$(TARGET_NAME)";
				SWIFT_EMIT_LOC_STRINGS = YES;
				SWIFT_VERSION = 5.0;
				VERSIONING_SYSTEM = "apple-generic";
			};
			name = Debug;
		};
		B3DDB54C294B0E8900C16BB8 /* Release */ = {
			isa = XCBuildConfiguration;
			buildSettings = {
				ASSETCATALOG_COMPILER_APPICON_NAME = AppIcon;
				ASSETCATALOG_COMPILER_GLOBAL_ACCENT_COLOR_NAME = AccentColor;
				CODE_SIGN_ENTITLEMENTS = JVMswitcher/JVMswitcher.entitlements;
				CODE_SIGN_IDENTITY = "-";
				"CODE_SIGN_IDENTITY[sdk=macosx*]" = "-";
				CODE_SIGN_STYLE = Automatic;
				COMBINE_HIDPI_IMAGES = YES;
				CURRENT_PROJECT_VERSION = 5;
				DEAD_CODE_STRIPPING = YES;
				DEVELOPMENT_ASSET_PATHS = "\"JVMswitcher/Preview Content\"";
				DEVELOPMENT_TEAM = GQE994U6EG;
				ENABLE_HARDENED_RUNTIME = YES;
				ENABLE_PREVIEWS = YES;
				GENERATE_INFOPLIST_FILE = YES;
				INFOPLIST_KEY_LSApplicationCategoryType = "public.app-category.developer-tools";
				INFOPLIST_KEY_NSHumanReadableCopyright = "";
				LD_RUNPATH_SEARCH_PATHS = (
					"$(inherited)",
					"@executable_path/../Frameworks",
				);
				MARKETING_VERSION = 2;
				PRODUCT_BUNDLE_IDENTIFIER = com.github.thbonk.JVMswitcher;
				PRODUCT_NAME = "$(TARGET_NAME)";
				SWIFT_EMIT_LOC_STRINGS = YES;
				SWIFT_VERSION = 5.0;
				VERSIONING_SYSTEM = "apple-generic";
			};
			name = Release;
		};
/* End XCBuildConfiguration section */

/* Begin XCConfigurationList section */
		B3DDB536294B0E8600C16BB8 /* Build configuration list for PBXProject "JVMswitcher" */ = {
			isa = XCConfigurationList;
			buildConfigurations = (
				B3DDB548294B0E8900C16BB8 /* Debug */,
				B3DDB549294B0E8900C16BB8 /* Release */,
			);
			defaultConfigurationIsVisible = 0;
			defaultConfigurationName = Release;
		};
		B3DDB54A294B0E8900C16BB8 /* Build configuration list for PBXNativeTarget "JVMswitcher" */ = {
			isa = XCConfigurationList;
			buildConfigurations = (
				B3DDB54B294B0E8900C16BB8 /* Debug */,
				B3DDB54C294B0E8900C16BB8 /* Release */,
			);
			defaultConfigurationIsVisible = 0;
			defaultConfigurationName = Release;
		};
/* End XCConfigurationList section */

/* Begin XCRemoteSwiftPackageReference section */
		E9D3B718294C699B00AE73A2 /* XCRemoteSwiftPackageReference "AlertToast" */ = {
			isa = XCRemoteSwiftPackageReference;
			repositoryURL = "https://github.com/elai950/AlertToast";
			requirement = {
				kind = upToNextMajorVersion;
				minimumVersion = 1.0.0;
			};
		};
/* End XCRemoteSwiftPackageReference section */

/* Begin XCSwiftPackageProductDependency section */
		E9D3B719294C699B00AE73A2 /* AlertToast */ = {
			isa = XCSwiftPackageProductDependency;
			package = E9D3B718294C699B00AE73A2 /* XCRemoteSwiftPackageReference "AlertToast" */;
			productName = AlertToast;
		};
/* End XCSwiftPackageProductDependency section */
	};
	rootObject = B3DDB533294B0E8600C16BB8 /* Project object */;
}
